
Microsoft Visual Studio Solution File, Format Version 12.00
# Visual Studio 15
VisualStudioVersion = 15.0.26730.15
MinimumVisualStudioVersion = 10.0.40219.1
Project("{FAE04EC0-301F-11D3-BF4B-00C04F79EFBC}") = "LeftOrRight_", "LeftOrRight\LeftOrRight_.csproj", "{1157F839-D9A5-46CB-B0CF-57FDD2A874AB}"
EndProject
Project("{FAE04EC0-301F-11D3-BF4B-00C04F79EFBC}") = "LeftOrRight.Tests", "LeftOrRight.Tests\LeftOrRight.Tests.csproj", "{1581D93E-BFB6-411F-8354-CF18A24A25DB}"
EndProject
Global
	GlobalSection(SolutionConfigurationPlatforms) = preSolution
		Debug|Any CPU = Debug|Any CPU
		Release|Any CPU = Release|Any CPU
	EndGlobalSection
	GlobalSection(ProjectConfigurationPlatforms) = postSolution
		{1157F839-D9A5-46CB-B0CF-57FDD2A874AB}.Debug|Any CPU.ActiveCfg = Debug|Any CPU
		{1157F839-D9A5-46CB-B0CF-57FDD2A874AB}.Debug|Any CPU.Build.0 = Debug|Any CPU
		{1157F839-D9A5-46CB-B0CF-57FDD2A874AB}.Release|Any CPU.ActiveCfg = Release|Any CPU
		{1157F839-D9A5-46CB-B0CF-57FDD2A874AB}.Release|Any CPU.Build.0 = Release|Any CPU
		{1581D93E-BFB6-411F-8354-CF18A24A25DB}.Debug|Any CPU.ActiveCfg = Debug|Any CPU
		{1581D93E-BFB6-411F-8354-CF18A24A25DB}.Debug|Any CPU.Build.0 = Debug|Any CPU
		{1581D93E-BFB6-411F-8354-CF18A24A25DB}.Release|Any CPU.ActiveCfg = Release|Any CPU
		{1581D93E-BFB6-411F-8354-CF18A24A25DB}.Release|Any CPU.Build.0 = Release|Any CPU
	EndGlobalSection
	GlobalSection(SolutionProperties) = preSolution
		HideSolutionNode = FALSE
	EndGlobalSection
	GlobalSection(ExtensibilityGlobals) = postSolution
		SolutionGuid = {623A832C-0220-47E2-B005-CE6EB93CFA97}
	EndGlobalSection
EndGlobal
